
Microsoft Visual Studio Solution File, Format Version 12.00
# Visual Studio Version 16
VisualStudioVersion = 16.0.29709.97
MinimumVisualStudioVersion = 10.0.40219.1
Project("{FAE04EC0-301F-11D3-BF4B-00C04F79EFBC}") = "DatingApp.API", "DatingApp\DatingApp.API.csproj", "{5C1581E0-8256-400E-AD8E-1896C41AF0DC}"
EndProject
Global
	GlobalSection(SolutionConfigurationPlatforms) = preSolution
		Debug|Any CPU = Debug|Any CPU
		Release|Any CPU = Release|Any CPU
	EndGlobalSection
	GlobalSection(ProjectConfigurationPlatforms) = postSolution
		{5C1581E0-8256-400E-AD8E-1896C41AF0DC}.Debug|Any CPU.ActiveCfg = Debug|Any CPU
		{5C1581E0-8256-400E-AD8E-1896C41AF0DC}.Debug|Any CPU.Build.0 = Debug|Any CPU
		{5C1581E0-8256-400E-AD8E-1896C41AF0DC}.Release|Any CPU.ActiveCfg = Release|Any CPU
		{5C1581E0-8256-400E-AD8E-1896C41AF0DC}.Release|Any CPU.Build.0 = Release|Any CPU
	EndGlobalSection
	GlobalSection(SolutionProperties) = preSolution
		HideSolutionNode = FALSE
	EndGlobalSection
	GlobalSection(ExtensibilityGlobals) = postSolution
		SolutionGuid = {52395DDE-6DB7-4902-8F24-CAA0829C88BA}
	EndGlobalSection
EndGlobal
